
Microsoft Visual Studio Solution File, Format Version 12.00
# Visual Studio 15
VisualStudioVersion = 15.0.27130.2010
MinimumVisualStudioVersion = 10.0.40219.1
Project("{FAE04EC0-301F-11D3-BF4B-00C04F79EFBC}") = "WebApiContainer", "WebApiContainer\WebApiContainer.csproj", "{347D0D99-253F-4280-BD29-8963F624EEF6}"
EndProject
Global
	GlobalSection(SolutionConfigurationPlatforms) = preSolution
		Debug|Any CPU = Debug|Any CPU
		Release|Any CPU = Release|Any CPU
	EndGlobalSection
	GlobalSection(ProjectConfigurationPlatforms) = postSolution
		{347D0D99-253F-4280-BD29-8963F624EEF6}.Debug|Any CPU.ActiveCfg = Debug|Any CPU
		{347D0D99-253F-4280-BD29-8963F624EEF6}.Debug|Any CPU.Build.0 = Debug|Any CPU
		{347D0D99-253F-4280-BD29-8963F624EEF6}.Release|Any CPU.ActiveCfg = Release|Any CPU
		{347D0D99-253F-4280-BD29-8963F624EEF6}.Release|Any CPU.Build.0 = Release|Any CPU
	EndGlobalSection
	GlobalSection(SolutionProperties) = preSolution
		HideSolutionNode = FALSE
	EndGlobalSection
	GlobalSection(ExtensibilityGlobals) = postSolution
		SolutionGuid = {28016C7F-13EC-466F-B1AB-E7DB21F99F4C}
	EndGlobalSection
EndGlobal
